
Microsoft Visual Studio Solution File, Format Version 12.00
# Visual Studio 15
VisualStudioVersion = 15.0.27004.2009
MinimumVisualStudioVersion = 10.0.40219.1
Project("{FAE04EC0-301F-11D3-BF4B-00C04F79EFBC}") = "Virtual Volume Knob", "Virtual Volume Knob.csproj", "{E0EED2DF-C702-436C-B365-BA743595FDF7}"
	ProjectSection(ProjectDependencies) = postProject
		{16E224DC-7FF0-4908-8318-D6A3AC2E797A} = {16E224DC-7FF0-4908-8318-D6A3AC2E797A}
	EndProjectSection
EndProject
Project("{FAE04EC0-301F-11D3-BF4B-00C04F79EFBC}") = "ColorSlider", "..\ColorSlider\ColorSlider.csproj", "{16E224DC-7FF0-4908-8318-D6A3AC2E797A}"
EndProject
Project("{FAE04EC0-301F-11D3-BF4B-00C04F79EFBC}") = "VolumeControl", "VolumeControl\VolumeControl.csproj", "{07816D45-A1AC-4971-86EF-26F032F0B31C}"
EndProject
Global
	GlobalSection(SolutionConfigurationPlatforms) = preSolution
		Debug|Any CPU = Debug|Any CPU
		Release|Any CPU = Release|Any CPU
	EndGlobalSection
	GlobalSection(ProjectConfigurationPlatforms) = postSolution
		{E0EED2DF-C702-436C-B365-BA743595FDF7}.Debug|Any CPU.ActiveCfg = Debug|Any CPU
		{E0EED2DF-C702-436C-B365-BA743595FDF7}.Debug|Any CPU.Build.0 = Debug|Any CPU
		{E0EED2DF-C702-436C-B365-BA743595FDF7}.Release|Any CPU.ActiveCfg = Release|Any CPU
		{E0EED2DF-C702-436C-B365-BA743595FDF7}.Release|Any CPU.Build.0 = Release|Any CPU
		{16E224DC-7FF0-4908-8318-D6A3AC2E797A}.Debug|Any CPU.ActiveCfg = Debug|Any CPU
		{16E224DC-7FF0-4908-8318-D6A3AC2E797A}.Debug|Any CPU.Build.0 = Debug|Any CPU
		{16E224DC-7FF0-4908-8318-D6A3AC2E797A}.Release|Any CPU.ActiveCfg = Release|Any CPU
		{16E224DC-7FF0-4908-8318-D6A3AC2E797A}.Release|Any CPU.Build.0 = Release|Any CPU
		{07816D45-A1AC-4971-86EF-26F032F0B31C}.Debug|Any CPU.ActiveCfg = Debug|Any CPU
		{07816D45-A1AC-4971-86EF-26F032F0B31C}.Debug|Any CPU.Build.0 = Debug|Any CPU
		{07816D45-A1AC-4971-86EF-26F032F0B31C}.Release|Any CPU.ActiveCfg = Release|Any CPU
		{07816D45-A1AC-4971-86EF-26F032F0B31C}.Release|Any CPU.Build.0 = Release|Any CPU
	EndGlobalSection
	GlobalSection(SolutionProperties) = preSolution
		HideSolutionNode = FALSE
	EndGlobalSection
	GlobalSection(ExtensibilityGlobals) = postSolution
		SolutionGuid = {8E412F21-88D9-40F8-AE14-4B0D614B1B11}
	EndGlobalSection
EndGlobal
